// !$*UTF8*$!
{
	archiveVersion = 1;
	classes = {
	};
	objectVersion = 46;
	objects = {

/* Begin PBXBuildFile section */
		833677721B30AD4900EA447F /* frame1.png in Resources */ = {isa = PBXBuildFile; fileRef = 8336776D1B30AD4900EA447F /* frame1.png */; };
		833677731B30AD4900EA447F /* frame2.png in Resources */ = {isa = PBXBuildFile; fileRef = 8336776E1B30AD4900EA447F /* frame2.png */; };
		833677741B30AD4900EA447F /* frame3.png in Resources */ = {isa = PBXBuildFile; fileRef = 8336776F1B30AD4900EA447F /* frame3.png */; };
		833677751B30AD4900EA447F /* frame4.png in Resources */ = {isa = PBXBuildFile; fileRef = 833677701B30AD4900EA447F /* frame4.png */; };
		833677761B30AD4900EA447F /* frame5.png in Resources */ = {isa = PBXBuildFile; fileRef = 833677711B30AD4900EA447F /* frame5.png */; };
		83C26D061B2FF5E2000FA340 /* AppDelegate.swift in Sources */ = {isa = PBXBuildFile; fileRef = 83C26D051B2FF5E2000FA340 /* AppDelegate.swift */; };
		83C26D081B2FF5E2000FA340 /* ViewController.swift in Sources */ = {isa = PBXBuildFile; fileRef = 83C26D071B2FF5E2000FA340 /* ViewController.swift */; };
		83C26D0B1B2FF5E2000FA340 /* Main.storyboard in Resources */ = {isa = PBXBuildFile; fileRef = 83C26D091B2FF5E2000FA340 /* Main.storyboard */; };
		83C26D0D1B2FF5E2000FA340 /* Images.xcassets in Resources */ = {isa = PBXBuildFile; fileRef = 83C26D0C1B2FF5E2000FA340 /* Images.xcassets */; };
		83C26D101B2FF5E2000FA340 /* LaunchScreen.xib in Resources */ = {isa = PBXBuildFile; fileRef = 83C26D0E1B2FF5E2000FA340 /* LaunchScreen.xib */; };
		83C26D1C1B2FF5E2000FA340 /* AnimationsTests.swift in Sources */ = {isa = PBXBuildFile; fileRef = 83C26D1B1B2FF5E2000FA340 /* AnimationsTests.swift */; };
/* End PBXBuildFile section */

/* Begin PBXContainerItemProxy section */
		83C26D161B2FF5E2000FA340 /* PBXContainerItemProxy */ = {
			isa = PBXContainerItemProxy;
			containerPortal = 83C26CF81B2FF5E1000FA340 /* Project object */;
			proxyType = 1;
			remoteGlobalIDString = 83C26CFF1B2FF5E2000FA340;
			remoteInfo = Animations;
		};
/* End PBXContainerItemProxy section */

/* Begin PBXFileReference section */
		8336776D1B30AD4900EA447F /* frame1.png */ = {isa = PBXFileReference; lastKnownFileType = image.png; path = frame1.png; sourceTree = "<group>"; };
		8336776E1B30AD4900EA447F /* frame2.png */ = {isa = PBXFileReference; lastKnownFileType = image.png; path = frame2.png; sourceTree = "<group>"; };
		8336776F1B30AD4900EA447F /* frame3.png */ = {isa = PBXFileReference; lastKnownFileType = image.png; path = frame3.png; sourceTree = "<group>"; };
		833677701B30AD4900EA447F /* frame4.png */ = {isa = PBXFileReference; lastKnownFileType = image.png; path = frame4.png; sourceTree = "<group>"; };
		833677711B30AD4900EA447F /* frame5.png */ = {isa = PBXFileReference; lastKnownFileType = image.png; path = frame5.png; sourceTree = "<group>"; };
		83C26D001B2FF5E2000FA340 /* Animations.app */ = {isa = PBXFileReference; explicitFileType = wrapper.application; includeInIndex = 0; path = Animations.app; sourceTree = BUILT_PRODUCTS_DIR; };
		83C26D041B2FF5E2000FA340 /* Info.plist */ = {isa = PBXFileReference; lastKnownFileType = text.plist.xml; path = Info.plist; sourceTree = "<group>"; };
		83C26D051B2FF5E2000FA340 /* AppDelegate.swift */ = {isa = PBXFileReference; lastKnownFileType = sourcecode.swift; path = AppDelegate.swift; sourceTree = "<group>"; };
		83C26D071B2FF5E2000FA340 /* ViewController.swift */ = {isa = PBXFileReference; lastKnownFileType = sourcecode.swift; path = ViewController.swift; sourceTree = "<group>"; };
		83C26D0A1B2FF5E2000FA340 /* Base */ = {isa = PBXFileReference; lastKnownFileType = file.storyboard; name = Base; path = Base.lproj/Main.storyboard; sourceTree = "<group>"; };
		83C26D0C1B2FF5E2000FA340 /* Images.xcassets */ = {isa = PBXFileReference; lastKnownFileType = folder.assetcatalog; path = Images.xcassets; sourceTree = "<group>"; };
		83C26D0F1B2FF5E2000FA340 /* Base */ = {isa = PBXFileReference; lastKnownFileType = file.xib; name = Base; path = Base.lproj/LaunchScreen.xib; sourceTree = "<group>"; };
		83C26D151B2FF5E2000FA340 /* AnimationsTests.xctest */ = {isa = PBXFileReference; explicitFileType = wrapper.cfbundle; includeInIndex = 0; path = AnimationsTests.xctest; sourceTree = BUILT_PRODUCTS_DIR; };
		83C26D1A1B2FF5E2000FA340 /* Info.plist */ = {isa = PBXFileReference; lastKnownFileType = text.plist.xml; path = Info.plist; sourceTree = "<group>"; };
		83C26D1B1B2FF5E2000FA340 /* AnimationsTests.swift */ = {isa = PBXFileReference; lastKnownFileType = sourcecode.swift; path = AnimationsTests.swift; sourceTree = "<group>"; };
/* End PBXFileReference section */

/* Begin PBXFrameworksBuildPhase section */
		83C26CFD1B2FF5E2000FA340 /* Frameworks */ = {
			isa = PBXFrameworksBuildPhase;
			buildActionMask = 2147483647;
			files = (
			);
			runOnlyForDeploymentPostprocessing = 0;
		};
		83C26D121B2FF5E2000FA340 /* Frameworks */ = {
			isa = PBXFrameworksBuildPhase;
			buildActionMask = 2147483647;
			files = (
			);
			runOnlyForDeploymentPostprocessing = 0;
		};
/* End PBXFrameworksBuildPhase section */

/* Begin PBXGroup section */
		83C26CF71B2FF5E1000FA340 = {
			isa = PBXGroup;
			children = (
				83C26D021B2FF5E2000FA340 /* Animations */,
				83C26D181B2FF5E2000FA340 /* AnimationsTests */,
				83C26D011B2FF5E2000FA340 /* Products */,
			);
			sourceTree = "<group>";
		};
		83C26D011B2FF5E2000FA340 /* Products */ = {
			isa = PBXGroup;
			children = (
				83C26D001B2FF5E2000FA340 /* Animations.app */,
				83C26D151B2FF5E2000FA340 /* AnimationsTests.xctest */,
			);
			name = Products;
			sourceTree = "<group>";
		};
		83C26D021B2FF5E2000FA340 /* Animations */ = {
			isa = PBXGroup;
			children = (
				83C26D051B2FF5E2000FA340 /* AppDelegate.swift */,
				83C26D071B2FF5E2000FA340 /* ViewController.swift */,
				83C26D091B2FF5E2000FA340 /* Main.storyboard */,
				8336776D1B30AD4900EA447F /* frame1.png */,
				8336776E1B30AD4900EA447F /* frame2.png */,
				8336776F1B30AD4900EA447F /* frame3.png */,
				833677701B30AD4900EA447F /* frame4.png */,
				833677711B30AD4900EA447F /* frame5.png */,
				83C26D0C1B2FF5E2000FA340 /* Images.xcassets */,
				83C26D0E1B2FF5E2000FA340 /* LaunchScreen.xib */,
				83C26D031B2FF5E2000FA340 /* Supporting Files */,
			);
			path = Animations;
			sourceTree = "<group>";
		};
		83C26D031B2FF5E2000FA340 /* Supporting Files */ = {
			isa = PBXGroup;
			children = (
				83C26D041B2FF5E2000FA340 /* Info.plist */,
			);
			name = "Supporting Files";
			sourceTree = "<group>";
		};
		83C26D181B2FF5E2000FA340 /* AnimationsTests */ = {
			isa = PBXGroup;
			children = (
				83C26D1B1B2FF5E2000FA340 /* AnimationsTests.swift */,
				83C26D191B2FF5E2000FA340 /* Supporting Files */,
			);
			path = AnimationsTests;
			sourceTree = "<group>";
		};
		83C26D191B2FF5E2000FA340 /* Supporting Files */ = {
			isa = PBXGroup;
			children = (
				83C26D1A1B2FF5E2000FA340 /* Info.plist */,
			);
			name = "Supporting Files";
			sourceTree = "<group>";
		};
/* End PBXGroup section */

/* Begin PBXNativeTarget section */
		83C26CFF1B2FF5E2000FA340 /* Animations */ = {
			isa = PBXNativeTarget;
			buildConfigurationList = 83C26D1F1B2FF5E2000FA340 /* Build configuration list for PBXNativeTarget "Animations" */;
			buildPhases = (
				83C26CFC1B2FF5E2000FA340 /* Sources */,
				83C26CFD1B2FF5E2000FA340 /* Frameworks */,
				83C26CFE1B2FF5E2000FA340 /* Resources */,
			);
			buildRules = (
			);
			dependencies = (
			);
			name = Animations;
			productName = Animations;
			productReference = 83C26D001B2FF5E2000FA340 /* Animations.app */;
			productType = "com.apple.product-type.application";
		};
		83C26D141B2FF5E2000FA340 /* AnimationsTests */ = {
			isa = PBXNativeTarget;
			buildConfigurationList = 83C26D221B2FF5E2000FA340 /* Build configuration list for PBXNativeTarget "AnimationsTests" */;
			buildPhases = (
				83C26D111B2FF5E2000FA340 /* Sources */,
				83C26D121B2FF5E2000FA340 /* Frameworks */,
				83C26D131B2FF5E2000FA340 /* Resources */,
			);
			buildRules = (
			);
			dependencies = (
				83C26D171B2FF5E2000FA340 /* PBXTargetDependency */,
			);
			name = AnimationsTests;
			productName = AnimationsTests;
			productReference = 83C26D151B2FF5E2000FA340 /* AnimationsTests.xctest */;
			productType = "com.apple.product-type.bundle.unit-test";
		};
/* End PBXNativeTarget section */

/* Begin PBXProject section */
		83C26CF81B2FF5E1000FA340 /* Project object */ = {
			isa = PBXProject;
			attributes = {
				LastUpgradeCheck = 0630;
				ORGANIZATIONNAME = Yisen;
				TargetAttributes = {
					83C26CFF1B2FF5E2000FA340 = {
						CreatedOnToolsVersion = 6.3.2;
					};
					83C26D141B2FF5E2000FA340 = {
						CreatedOnToolsVersion = 6.3.2;
						TestTargetID = 83C26CFF1B2FF5E2000FA340;
					};
				};
			};
			buildConfigurationList = 83C26CFB1B2FF5E1000FA340 /* Build configuration list for PBXProject "Animations" */;
			compatibilityVersion = "Xcode 3.2";
			developmentRegion = English;
			hasScannedForEncodings = 0;
			knownRegions = (
				en,
				Base,
			);
			mainGroup = 83C26CF71B2FF5E1000FA340;
			productRefGroup = 83C26D011B2FF5E2000FA340 /* Products */;
			projectDirPath = "";
			projectRoot = "";
			targets = (
				83C26CFF1B2FF5E2000FA340 /* Animations */,
				83C26D141B2FF5E2000FA340 /* AnimationsTests */,
			);
		};
/* End PBXProject section */

/* Begin PBXResourcesBuildPhase section */
		83C26CFE1B2FF5E2000FA340 /* Resources */ = {
			isa = PBXResourcesBuildPhase;
			buildActionMask = 2147483647;
			files = (
				833677731B30AD4900EA447F /* frame2.png in Resources */,
				833677741B30AD4900EA447F /* frame3.png in Resources */,
				833677751B30AD4900EA447F /* frame4.png in Resources */,
				83C26D0B1B2FF5E2000FA340 /* Main.storyboard in Resources */,
				833677721B30AD4900EA447F /* frame1.png in Resources */,
				833677761B30AD4900EA447F /* frame5.png in Resources */,
				83C26D101B2FF5E2000FA340 /* LaunchScreen.xib in Resources */,
				83C26D0D1B2FF5E2000FA340 /* Images.xcassets in Resources */,
			);
			runOnlyForDeploymentPostprocessing = 0;
		};
		83C26D131B2FF5E2000FA340 /* Resources */ = {
			isa = PBXResourcesBuildPhase;
			buildActionMask = 2147483647;
			files = (
			);
			runOnlyForDeploymentPostprocessing = 0;
		};
/* End PBXResourcesBuildPhase section */

/* Begin PBXSourcesBuildPhase section */
		83C26CFC1B2FF5E2000FA340 /* Sources */ = {
			isa = PBXSourcesBuildPhase;
			buildActionMask = 2147483647;
			files = (
				83C26D081B2FF5E2000FA340 /* ViewController.swift in Sources */,
				83C26D061B2FF5E2000FA340 /* AppDelegate.swift in Sources */,
			);
			runOnlyForDeploymentPostprocessing = 0;
		};
		83C26D111B2FF5E2000FA340 /* Sources */ = {
			isa = PBXSourcesBuildPhase;
			buildActionMask = 2147483647;
			files = (
				83C26D1C1B2FF5E2000FA340 /* AnimationsTests.swift in Sources */,
			);
			runOnlyForDeploymentPostprocessing = 0;
		};
/* End PBXSourcesBuildPhase section */

/* Begin PBXTargetDependency section */
		83C26D171B2FF5E2000FA340 /* PBXTargetDependency */ = {
			isa = PBXTargetDependency;
			target = 83C26CFF1B2FF5E2000FA340 /* Animations */;
			targetProxy = 83C26D161B2FF5E2000FA340 /* PBXContainerItemProxy */;
		};
/* End PBXTargetDependency section */

/* Begin PBXVariantGroup section */
		83C26D091B2FF5E2000FA340 /* Main.storyboard */ = {
			isa = PBXVariantGroup;
			children = (
				83C26D0A1B2FF5E2000FA340 /* Base */,
			);
			name = Main.storyboard;
			sourceTree = "<group>";
		};
		83C26D0E1B2FF5E2000FA340 /* LaunchScreen.xib */ = {
			isa = PBXVariantGroup;
			children = (
				83C26D0F1B2FF5E2000FA340 /* Base */,
			);
			name = LaunchScreen.xib;
			sourceTree = "<group>";
		};
/* End PBXVariantGroup section */

/* Begin XCBuildConfiguration section */
		83C26D1D1B2FF5E2000FA340 /* Debug */ = {
			isa = XCBuildConfiguration;
			buildSettings = {
				ALWAYS_SEARCH_USER_PATHS = NO;
				CLANG_CXX_LANGUAGE_STANDARD = "gnu++0x";
				CLANG_CXX_LIBRARY = "libc++";
				CLANG_ENABLE_MODULES = YES;
				CLANG_ENABLE_OBJC_ARC = YES;
				CLANG_WARN_BOOL_CONVERSION = YES;
				CLANG_WARN_CONSTANT_CONVERSION = YES;
				CLANG_WARN_DIRECT_OBJC_ISA_USAGE = YES_ERROR;
				CLANG_WARN_EMPTY_BODY = YES;
				CLANG_WARN_ENUM_CONVERSION = YES;
				CLANG_WARN_INT_CONVERSION = YES;
				CLANG_WARN_OBJC_ROOT_CLASS = YES_ERROR;
				CLANG_WARN_UNREACHABLE_CODE = YES;
				CLANG_WARN__DUPLICATE_METHOD_MATCH = YES;
				"CODE_SIGN_IDENTITY[sdk=iphoneos*]" = "iPhone Developer";
				COPY_PHASE_STRIP = NO;
				DEBUG_INFORMATION_FORMAT = "dwarf-with-dsym";
				ENABLE_STRICT_OBJC_MSGSEND = YES;
				GCC_C_LANGUAGE_STANDARD = gnu99;
				GCC_DYNAMIC_NO_PIC = NO;
				GCC_NO_COMMON_BLOCKS = YES;
				GCC_OPTIMIZATION_LEVEL = 0;
				GCC_PREPROCESSOR_DEFINITIONS = (
					"DEBUG=1",
					"$(inherited)",
				);
				GCC_SYMBOLS_PRIVATE_EXTERN = NO;
				GCC_WARN_64_TO_32_BIT_CONVERSION = YES;
				GCC_WARN_ABOUT_RETURN_TYPE = YES_ERROR;
				GCC_WARN_UNDECLARED_SELECTOR = YES;
				GCC_WARN_UNINITIALIZED_AUTOS = YES_AGGRESSIVE;
				GCC_WARN_UNUSED_FUNCTION = YES;
				GCC_WARN_UNUSED_VARIABLE = YES;
				IPHONEOS_DEPLOYMENT_TARGET = 8.3;
				MTL_ENABLE_DEBUG_INFO = YES;
				ONLY_ACTIVE_ARCH = YES;
				SDKROOT = iphoneos;
				SWIFT_OPTIMIZATION_LEVEL = "-Onone";
			};
			name = Debug;
		};
		83C26D1E1B2FF5E2000FA340 /* Release */ = {
			isa = XCBuildConfiguration;
			buildSettings = {
				ALWAYS_SEARCH_USER_PATHS = NO;
				CLANG_CXX_LANGUAGE_STANDARD = "gnu++0x";
				CLANG_CXX_LIBRARY = "libc++";
				CLANG_ENABLE_MODULES = YES;
				CLANG_ENABLE_OBJC_ARC = YES;
				CLANG_WARN_BOOL_CONVERSION = YES;
				CLANG_WARN_CONSTANT_CONVERSION = YES;
				CLANG_WARN_DIRECT_OBJC_ISA_USAGE = YES_ERROR;
				CLANG_WARN_EMPTY_BODY = YES;
				CLANG_WARN_ENUM_CONVERSION = YES;
				CLANG_WARN_INT_CONVERSION = YES;
				CLANG_WARN_OBJC_ROOT_CLASS = YES_ERROR;
				CLANG_WARN_UNREACHABLE_CODE = YES;
				CLANG_WARN__DUPLICATE_METHOD_MATCH = YES;
				"CODE_SIGN_IDENTITY[sdk=iphoneos*]" = "iPhone Developer";
				COPY_PHASE_STRIP = NO;
				DEBUG_INFORMATION_FORMAT = "dwarf-with-dsym";
				ENABLE_NS_ASSERTIONS = NO;
				ENABLE_STRICT_OBJC_MSGSEND = YES;
				GCC_C_LANGUAGE_STANDARD = gnu99;
				GCC_NO_COMMON_BLOCKS = YES;
				GCC_WARN_64_TO_32_BIT_CONVERSION = YES;
				GCC_WARN_ABOUT_RETURN_TYPE = YES_ERROR;
				GCC_WARN_UNDECLARED_SELECTOR = YES;
				GCC_WARN_UNINITIALIZED_AUTOS = YES_AGGRESSIVE;
				GCC_WARN_UNUSED_FUNCTION = YES;
				GCC_WARN_UNUSED_VARIABLE = YES;
				IPHONEOS_DEPLOYMENT_TARGET = 8.3;
				MTL_ENABLE_DEBUG_INFO = NO;
				SDKROOT = iphoneos;
				VALIDATE_PRODUCT = YES;
			};
			name = Release;
		};
		83C26D201B2FF5E2000FA340 /* Debug */ = {
			isa = XCBuildConfiguration;
			buildSettings = {
				ASSETCATALOG_COMPILER_APPICON_NAME = AppIcon;
				INFOPLIST_FILE = Animations/Info.plist;
				LD_RUNPATH_SEARCH_PATHS = "$(inherited) @executable_path/Frameworks";
				PRODUCT_NAME = "$(TARGET_NAME)";
			};
			name = Debug;
		};
		83C26D211B2FF5E2000FA340 /* Release */ = {
			isa = XCBuildConfiguration;
			buildSettings = {
				ASSETCATALOG_COMPILER_APPICON_NAME = AppIcon;
				INFOPLIST_FILE = Animations/Info.plist;
				LD_RUNPATH_SEARCH_PATHS = "$(inherited) @executable_path/Frameworks";
				PRODUCT_NAME = "$(TARGET_NAME)";
			};
			name = Release;
		};
		83C26D231B2FF5E2000FA340 /* Debug */ = {
			isa = XCBuildConfiguration;
			buildSettings = {
				BUNDLE_LOADER = "$(TEST_HOST)";
				FRAMEWORK_SEARCH_PATHS = (
					"$(SDKROOT)/Developer/Library/Frameworks",
					"$(inherited)",
				);
				GCC_PREPROCESSOR_DEFINITIONS = (
					"DEBUG=1",
					"$(inherited)",
				);
				INFOPLIST_FILE = AnimationsTests/Info.plist;
				LD_RUNPATH_SEARCH_PATHS = "$(inherited) @executable_path/Frameworks @loader_path/Frameworks";
				PRODUCT_NAME = "$(TARGET_NAME)";
				TEST_HOST = "$(BUILT_PRODUCTS_DIR)/Animations.app/Animations";
			};
			name = Debug;
		};
		83C26D241B2FF5E2000FA340 /* Release */ = {
			isa = XCBuildConfiguration;
			buildSettings = {
				BUNDLE_LOADER = "$(TEST_HOST)";
				FRAMEWORK_SEARCH_PATHS = (
					"$(SDKROOT)/Developer/Library/Frameworks",
					"$(inherited)",
				);
				INFOPLIST_FILE = AnimationsTests/Info.plist;
				LD_RUNPATH_SEARCH_PATHS = "$(inherited) @executable_path/Frameworks @loader_path/Frameworks";
				PRODUCT_NAME = "$(TARGET_NAME)";
				TEST_HOST = "$(BUILT_PRODUCTS_DIR)/Animations.app/Animations";
			};
			name = Release;
		};
/* End XCBuildConfiguration section */

/* Begin XCConfigurationList section */
		83C26CFB1B2FF5E1000FA340 /* Build configuration list for PBXProject "Animations" */ = {
			isa = XCConfigurationList;
			buildConfigurations = (
				83C26D1D1B2FF5E2000FA340 /* Debug */,
				83C26D1E1B2FF5E2000FA340 /* Release */,
			);
			defaultConfigurationIsVisible = 0;
			defaultConfigurationName = Release;
		};
		83C26D1F1B2FF5E2000FA340 /* Build configuration list for PBXNativeTarget "Animations" */ = {
			isa = XCConfigurationList;
			buildConfigurations = (
				83C26D201B2FF5E2000FA340 /* Debug */,
				83C26D211B2FF5E2000FA340 /* Release */,
			);
			defaultConfigurationIsVisible = 0;
			defaultConfigurationName = Release;
		};
		83C26D221B2FF5E2000FA340 /* Build configuration list for PBXNativeTarget "AnimationsTests" */ = {
			isa = XCConfigurationList;
			buildConfigurations = (
				83C26D231B2FF5E2000FA340 /* Debug */,
				83C26D241B2FF5E2000FA340 /* Release */,
			);
			defaultConfigurationIsVisible = 0;
			defaultConfigurationName = Release;
		};
/* End XCConfigurationList section */
	};
	rootObject = 83C26CF81B2FF5E1000FA340 /* Project object */;
}
